
Microsoft Visual Studio Solution File, Format Version 12.00
# Visual Studio Version 17
VisualStudioVersion = 17.4.33110.190
MinimumVisualStudioVersion = 10.0.40219.1
Project("{FAE04EC0-301F-11D3-BF4B-00C04F79EFBC}") = "Inventory App", "Inventory App\Inventory App.csproj", "{37B87966-50D1-4CCE-91FA-183BF6FB6FDD}"
EndProject
Global
	GlobalSection(SolutionConfigurationPlatforms) = preSolution
		Debug|Any CPU = Debug|Any CPU
		Release|Any CPU = Release|Any CPU
	EndGlobalSection
	GlobalSection(ProjectConfigurationPlatforms) = postSolution
		{37B87966-50D1-4CCE-91FA-183BF6FB6FDD}.Debug|Any CPU.ActiveCfg = Debug|Any CPU
		{37B87966-50D1-4CCE-91FA-183BF6FB6FDD}.Debug|Any CPU.Build.0 = Debug|Any CPU
		{37B87966-50D1-4CCE-91FA-183BF6FB6FDD}.Release|Any CPU.ActiveCfg = Release|Any CPU
		{37B87966-50D1-4CCE-91FA-183BF6FB6FDD}.Release|Any CPU.Build.0 = Release|Any CPU
	EndGlobalSection
	GlobalSection(SolutionProperties) = preSolution
		HideSolutionNode = FALSE
	EndGlobalSection
	GlobalSection(ExtensibilityGlobals) = postSolution
		SolutionGuid = {DEE4C250-85CA-413F-A957-DADDE4C7C049}
	EndGlobalSection
EndGlobal
